
Microsoft Visual Studio Solution File, Format Version 12.00
# Visual Studio Version 16
VisualStudioVersion = 16.0.31205.134
MinimumVisualStudioVersion = 10.0.40219.1
Project("{FAE04EC0-301F-11D3-BF4B-00C04F79EFBC}") = "WinFormsApp1", "WinFormsApp1\WinFormsApp1.csproj", "{742E7BDC-06E4-4806-AE41-B24B7E860ACD}"
EndProject
Global
	GlobalSection(SolutionConfigurationPlatforms) = preSolution
		Debug|Any CPU = Debug|Any CPU
		Release|Any CPU = Release|Any CPU
	EndGlobalSection
	GlobalSection(ProjectConfigurationPlatforms) = postSolution
		{742E7BDC-06E4-4806-AE41-B24B7E860ACD}.Debug|Any CPU.ActiveCfg = Debug|Any CPU
		{742E7BDC-06E4-4806-AE41-B24B7E860ACD}.Debug|Any CPU.Build.0 = Debug|Any CPU
		{742E7BDC-06E4-4806-AE41-B24B7E860ACD}.Release|Any CPU.ActiveCfg = Release|Any CPU
		{742E7BDC-06E4-4806-AE41-B24B7E860ACD}.Release|Any CPU.Build.0 = Release|Any CPU
	EndGlobalSection
	GlobalSection(SolutionProperties) = preSolution
		HideSolutionNode = FALSE
	EndGlobalSection
	GlobalSection(ExtensibilityGlobals) = postSolution
		SolutionGuid = {B570913C-A263-4C79-9E7A-2FC499940FC0}
	EndGlobalSection
EndGlobal
